// !$*UTF8*$!
{
	archiveVersion = 1;
	classes = {
	};
	objectVersion = 50;
	objects = {

/* Begin PBXBuildFile section */
		F01300D2233E9DA000F18731 /* AuthorPresenterTests.swift in Sources */ = {isa = PBXBuildFile; fileRef = F01300D1233E9DA000F18731 /* AuthorPresenterTests.swift */; };
		F028FA322341E1D700818FCD /* BasePresenterClass.swift in Sources */ = {isa = PBXBuildFile; fileRef = F028FA312341E1D700818FCD /* BasePresenterClass.swift */; };
		F028FA342341E27200818FCD /* CommentSectionRouter.swift in Sources */ = {isa = PBXBuildFile; fileRef = F028FA332341E27200818FCD /* CommentSectionRouter.swift */; };
		F02BC1A8233FA91C00E96C33 /* Post.swift in Sources */ = {isa = PBXBuildFile; fileRef = F02BC1A7233FA91C00E96C33 /* Post.swift */; };
		F02BC1AB233FAFBA00E96C33 /* PostDetailsCell.swift in Sources */ = {isa = PBXBuildFile; fileRef = F02BC1A9233FAFBA00E96C33 /* PostDetailsCell.swift */; };
		F02BC1AC233FAFBA00E96C33 /* PostDetailsCell.xib in Resources */ = {isa = PBXBuildFile; fileRef = F02BC1AA233FAFBA00E96C33 /* PostDetailsCell.xib */; };
		F02BC1AE233FC30500E96C33 /* UtilityClass.swift in Sources */ = {isa = PBXBuildFile; fileRef = F02BC1AD233FC30500E96C33 /* UtilityClass.swift */; };
		F02BC1B0233FC84A00E96C33 /* String+Shortcut.swift in Sources */ = {isa = PBXBuildFile; fileRef = F02BC1AF233FC84A00E96C33 /* String+Shortcut.swift */; };
		F02BC1B3233FE7EE00E96C33 /* StringShortcutTest.swift in Sources */ = {isa = PBXBuildFile; fileRef = F02BC1B2233FE7EE00E96C33 /* StringShortcutTest.swift */; };
		F02BC1B5233FEA2E00E96C33 /* UtilityClassTest.swift in Sources */ = {isa = PBXBuildFile; fileRef = F02BC1B4233FEA2E00E96C33 /* UtilityClassTest.swift */; };
		F02EB935233F69D400A18AA1 /* CustomSectionHeader.swift in Sources */ = {isa = PBXBuildFile; fileRef = F02EB930233F69D400A18AA1 /* CustomSectionHeader.swift */; };
		F02EB936233F69D400A18AA1 /* CustomSectionHeader.xib in Resources */ = {isa = PBXBuildFile; fileRef = F02EB931233F69D400A18AA1 /* CustomSectionHeader.xib */; };
		F02EB937233F69D400A18AA1 /* AuthorListCell.swift in Sources */ = {isa = PBXBuildFile; fileRef = F02EB933233F69D400A18AA1 /* AuthorListCell.swift */; };
		F02EB938233F69D400A18AA1 /* AuthorListCell.xib in Resources */ = {isa = PBXBuildFile; fileRef = F02EB934233F69D400A18AA1 /* AuthorListCell.xib */; };
		F02EB948233F69DF00A18AA1 /* AuthorListRouter.swift in Sources */ = {isa = PBXBuildFile; fileRef = F02EB93B233F69DF00A18AA1 /* AuthorListRouter.swift */; };
		F02EB949233F69DF00A18AA1 /* AuthorListWorker.swift in Sources */ = {isa = PBXBuildFile; fileRef = F02EB93C233F69DF00A18AA1 /* AuthorListWorker.swift */; };
		F02EB94A233F69DF00A18AA1 /* AuthorListModels.swift in Sources */ = {isa = PBXBuildFile; fileRef = F02EB93D233F69DF00A18AA1 /* AuthorListModels.swift */; };
		F02EB94B233F69DF00A18AA1 /* AuthorListViewController.swift in Sources */ = {isa = PBXBuildFile; fileRef = F02EB93E233F69DF00A18AA1 /* AuthorListViewController.swift */; };
		F02EB94C233F69DF00A18AA1 /* AuthorListPresenter.swift in Sources */ = {isa = PBXBuildFile; fileRef = F02EB93F233F69DF00A18AA1 /* AuthorListPresenter.swift */; };
		F02EB94D233F69DF00A18AA1 /* AuthorListInteractor.swift in Sources */ = {isa = PBXBuildFile; fileRef = F02EB940233F69DF00A18AA1 /* AuthorListInteractor.swift */; };
		F02EB959233F6A8400A18AA1 /* ImageDownloader.swift in Sources */ = {isa = PBXBuildFile; fileRef = F02EB954233F6A8400A18AA1 /* ImageDownloader.swift */; };
		F02EB95A233F6A8400A18AA1 /* TempInMemoryCache.swift in Sources */ = {isa = PBXBuildFile; fileRef = F02EB955233F6A8400A18AA1 /* TempInMemoryCache.swift */; };
		F02EB95B233F6A8400A18AA1 /* NetworkManager.swift in Sources */ = {isa = PBXBuildFile; fileRef = F02EB957233F6A8400A18AA1 /* NetworkManager.swift */; };
		F02EB95C233F6A8400A18AA1 /* Reachability.swift in Sources */ = {isa = PBXBuildFile; fileRef = F02EB958233F6A8400A18AA1 /* Reachability.swift */; };
		F02EB95E233F6A8D00A18AA1 /* CustomImageView.swift in Sources */ = {isa = PBXBuildFile; fileRef = F02EB95D233F6A8D00A18AA1 /* CustomImageView.swift */; };
		F02EB965233F6B8F00A18AA1 /* AuthorPostDetailsPresenter.swift in Sources */ = {isa = PBXBuildFile; fileRef = F02EB95F233F6B8E00A18AA1 /* AuthorPostDetailsPresenter.swift */; };
		F02EB966233F6B8F00A18AA1 /* AuthorPostDetailsRouter.swift in Sources */ = {isa = PBXBuildFile; fileRef = F02EB960233F6B8E00A18AA1 /* AuthorPostDetailsRouter.swift */; };
		F02EB967233F6B8F00A18AA1 /* AuthorPostDetailsModels.swift in Sources */ = {isa = PBXBuildFile; fileRef = F02EB961233F6B8E00A18AA1 /* AuthorPostDetailsModels.swift */; };
		F02EB968233F6B8F00A18AA1 /* AuthorPostDetailsWorker.swift in Sources */ = {isa = PBXBuildFile; fileRef = F02EB962233F6B8E00A18AA1 /* AuthorPostDetailsWorker.swift */; };
		F02EB969233F6B8F00A18AA1 /* AuthorPostDetailsInteractor.swift in Sources */ = {isa = PBXBuildFile; fileRef = F02EB963233F6B8E00A18AA1 /* AuthorPostDetailsInteractor.swift */; };
		F02EB96A233F6B8F00A18AA1 /* AuthorPostDetailsViewController.swift in Sources */ = {isa = PBXBuildFile; fileRef = F02EB964233F6B8E00A18AA1 /* AuthorPostDetailsViewController.swift */; };
		F02EB96D233F754300A18AA1 /* BaseTableViewController.swift in Sources */ = {isa = PBXBuildFile; fileRef = F02EB96C233F754300A18AA1 /* BaseTableViewController.swift */; };
		F040DFCE2340AACA001963AF /* AuthorPostDetailsPresenterTests.swift in Sources */ = {isa = PBXBuildFile; fileRef = F040DFCD2340AACA001963AF /* AuthorPostDetailsPresenterTests.swift */; };
		F040DFDF23411E5D001963AF /* CommentSectionPresenter.swift in Sources */ = {isa = PBXBuildFile; fileRef = F040DFD923411E5D001963AF /* CommentSectionPresenter.swift */; };
		F040DFE023411E5D001963AF /* CommentSectionWorker.swift in Sources */ = {isa = PBXBuildFile; fileRef = F040DFDA23411E5D001963AF /* CommentSectionWorker.swift */; };
		F040DFE223411E5D001963AF /* CommentSectionModels.swift in Sources */ = {isa = PBXBuildFile; fileRef = F040DFDC23411E5D001963AF /* CommentSectionModels.swift */; };
		F040DFE323411E5D001963AF /* CommentSectionViewController.swift in Sources */ = {isa = PBXBuildFile; fileRef = F040DFDD23411E5D001963AF /* CommentSectionViewController.swift */; };
		F040DFE423411E5D001963AF /* CommentSectionInteractor.swift in Sources */ = {isa = PBXBuildFile; fileRef = F040DFDE23411E5D001963AF /* CommentSectionInteractor.swift */; };
		F040DFE6234120B9001963AF /* Comment.swift in Sources */ = {isa = PBXBuildFile; fileRef = F040DFE5234120B9001963AF /* Comment.swift */; };
		F040DFE92341243B001963AF /* BaseWorkerClass.swift in Sources */ = {isa = PBXBuildFile; fileRef = F040DFE82341243B001963AF /* BaseWorkerClass.swift */; };
		F040DFEC234132A5001963AF /* BaseWorkerTest.swift in Sources */ = {isa = PBXBuildFile; fileRef = F040DFEB234132A5001963AF /* BaseWorkerTest.swift */; };
		F040DFEF23415631001963AF /* CommentCell.swift in Sources */ = {isa = PBXBuildFile; fileRef = F040DFED23415630001963AF /* CommentCell.swift */; };
		F040DFF023415631001963AF /* CommentCell.xib in Resources */ = {isa = PBXBuildFile; fileRef = F040DFEE23415630001963AF /* CommentCell.xib */; };
		F05874FC233D353300F0E5D1 /* AppDelegate.swift in Sources */ = {isa = PBXBuildFile; fileRef = F05874FB233D353300F0E5D1 /* AppDelegate.swift */; };
		F0587501233D353300F0E5D1 /* Main.storyboard in Resources */ = {isa = PBXBuildFile; fileRef = F05874FF233D353300F0E5D1 /* Main.storyboard */; };
		F0587503233D353400F0E5D1 /* Assets.xcassets in Resources */ = {isa = PBXBuildFile; fileRef = F0587502233D353400F0E5D1 /* Assets.xcassets */; };
		F0587506233D353400F0E5D1 /* LaunchScreen.storyboard in Resources */ = {isa = PBXBuildFile; fileRef = F0587504233D353400F0E5D1 /* LaunchScreen.storyboard */; };
		F058752D233D75F700F0E5D1 /* MBError.swift in Sources */ = {isa = PBXBuildFile; fileRef = F058752B233D75F700F0E5D1 /* MBError.swift */; };
		F058752E233D75F700F0E5D1 /* Constants.swift in Sources */ = {isa = PBXBuildFile; fileRef = F058752C233D75F700F0E5D1 /* Constants.swift */; };
		F08C12B7233FFBE100FC61B0 /* AuthorPostDetailsViewControllerTests.swift in Sources */ = {isa = PBXBuildFile; fileRef = F08C12B6233FFBE100FC61B0 /* AuthorPostDetailsViewControllerTests.swift */; };
		F0D57BA2234083B500C6267B /* AuthorPostInteractorTests.swift in Sources */ = {isa = PBXBuildFile; fileRef = F0D57BA1234083B500C6267B /* AuthorPostInteractorTests.swift */; };
		F0F6C63B233DE5200001F92E /* Author.swift in Sources */ = {isa = PBXBuildFile; fileRef = F0F6C63A233DE5200001F92E /* Author.swift */; };
		F0F6C680233E149F0001F92E /* MBloggingTests.swift in Sources */ = {isa = PBXBuildFile; fileRef = F0F6C67F233E149F0001F92E /* MBloggingTests.swift */; };
		F0F6C68A233E16A10001F92E /* AuthorListViewControllerTests.swift in Sources */ = {isa = PBXBuildFile; fileRef = F0F6C689233E16A10001F92E /* AuthorListViewControllerTests.swift */; };
		F0F6C68C233E21350001F92E /* AuthorListInteractorTests.swift in Sources */ = {isa = PBXBuildFile; fileRef = F0F6C68B233E21350001F92E /* AuthorListInteractorTests.swift */; };
		F0F6C68E233E24CB0001F92E /* Seeds.swift in Sources */ = {isa = PBXBuildFile; fileRef = F0F6C68D233E24CB0001F92E /* Seeds.swift */; };
/* End PBXBuildFile section */

/* Begin PBXContainerItemProxy section */
		F0F6C682233E149F0001F92E /* PBXContainerItemProxy */ = {
			isa = PBXContainerItemProxy;
			containerPortal = F05874F0233D353300F0E5D1 /* Project object */;
			proxyType = 1;
			remoteGlobalIDString = F05874F7233D353300F0E5D1;
			remoteInfo = MBlogging;
		};
/* End PBXContainerItemProxy section */

/* Begin PBXFileReference section */
		F01300D1233E9DA000F18731 /* AuthorPresenterTests.swift */ = {isa = PBXFileReference; fileEncoding = 4; lastKnownFileType = sourcecode.swift; path = AuthorPresenterTests.swift; sourceTree = "<group>"; };
		F028FA312341E1D700818FCD /* BasePresenterClass.swift */ = {isa = PBXFileReference; fileEncoding = 4; lastKnownFileType = sourcecode.swift; path = BasePresenterClass.swift; sourceTree = "<group>"; };
		F028FA332341E27200818FCD /* CommentSectionRouter.swift */ = {isa = PBXFileReference; lastKnownFileType = sourcecode.swift; path = CommentSectionRouter.swift; sourceTree = "<group>"; };
		F02BC1A7233FA91C00E96C33 /* Post.swift */ = {isa = PBXFileReference; fileEncoding = 4; lastKnownFileType = sourcecode.swift; path = Post.swift; sourceTree = "<group>"; };
		F02BC1A9233FAFBA00E96C33 /* PostDetailsCell.swift */ = {isa = PBXFileReference; fileEncoding = 4; lastKnownFileType = sourcecode.swift; path = PostDetailsCell.swift; sourceTree = "<group>"; };
		F02BC1AA233FAFBA00E96C33 /* PostDetailsCell.xib */ = {isa = PBXFileReference; fileEncoding = 4; lastKnownFileType = file.xib; path = PostDetailsCell.xib; sourceTree = "<group>"; };
		F02BC1AD233FC30500E96C33 /* UtilityClass.swift */ = {isa = PBXFileReference; fileEncoding = 4; lastKnownFileType = sourcecode.swift; path = UtilityClass.swift; sourceTree = "<group>"; };
		F02BC1AF233FC84A00E96C33 /* String+Shortcut.swift */ = {isa = PBXFileReference; fileEncoding = 4; lastKnownFileType = sourcecode.swift; path = "String+Shortcut.swift"; sourceTree = "<group>"; };
		F02BC1B2233FE7EE00E96C33 /* StringShortcutTest.swift */ = {isa = PBXFileReference; fileEncoding = 4; lastKnownFileType = sourcecode.swift; path = StringShortcutTest.swift; sourceTree = "<group>"; };
		F02BC1B4233FEA2E00E96C33 /* UtilityClassTest.swift */ = {isa = PBXFileReference; fileEncoding = 4; lastKnownFileType = sourcecode.swift; path = UtilityClassTest.swift; sourceTree = "<group>"; };
		F02EB930233F69D400A18AA1 /* CustomSectionHeader.swift */ = {isa = PBXFileReference; fileEncoding = 4; lastKnownFileType = sourcecode.swift; path = CustomSectionHeader.swift; sourceTree = "<group>"; };
		F02EB931233F69D400A18AA1 /* CustomSectionHeader.xib */ = {isa = PBXFileReference; fileEncoding = 4; lastKnownFileType = file.xib; path = CustomSectionHeader.xib; sourceTree = "<group>"; };
		F02EB933233F69D400A18AA1 /* AuthorListCell.swift */ = {isa = PBXFileReference; fileEncoding = 4; lastKnownFileType = sourcecode.swift; path = AuthorListCell.swift; sourceTree = "<group>"; };
		F02EB934233F69D400A18AA1 /* AuthorListCell.xib */ = {isa = PBXFileReference; fileEncoding = 4; lastKnownFileType = file.xib; path = AuthorListCell.xib; sourceTree = "<group>"; };
		F02EB93B233F69DF00A18AA1 /* AuthorListRouter.swift */ = {isa = PBXFileReference; fileEncoding = 4; lastKnownFileType = sourcecode.swift; path = AuthorListRouter.swift; sourceTree = "<group>"; };
		F02EB93C233F69DF00A18AA1 /* AuthorListWorker.swift */ = {isa = PBXFileReference; fileEncoding = 4; lastKnownFileType = sourcecode.swift; path = AuthorListWorker.swift; sourceTree = "<group>"; };
		F02EB93D233F69DF00A18AA1 /* AuthorListModels.swift */ = {isa = PBXFileReference; fileEncoding = 4; lastKnownFileType = sourcecode.swift; path = AuthorListModels.swift; sourceTree = "<group>"; };
		F02EB93E233F69DF00A18AA1 /* AuthorListViewController.swift */ = {isa = PBXFileReference; fileEncoding = 4; lastKnownFileType = sourcecode.swift; path = AuthorListViewController.swift; sourceTree = "<group>"; };
		F02EB93F233F69DF00A18AA1 /* AuthorListPresenter.swift */ = {isa = PBXFileReference; fileEncoding = 4; lastKnownFileType = sourcecode.swift; path = AuthorListPresenter.swift; sourceTree = "<group>"; };
		F02EB940233F69DF00A18AA1 /* AuthorListInteractor.swift */ = {isa = PBXFileReference; fileEncoding = 4; lastKnownFileType = sourcecode.swift; path = AuthorListInteractor.swift; sourceTree = "<group>"; };
		F02EB954233F6A8400A18AA1 /* ImageDownloader.swift */ = {isa = PBXFileReference; fileEncoding = 4; lastKnownFileType = sourcecode.swift; path = ImageDownloader.swift; sourceTree = "<group>"; };
		F02EB955233F6A8400A18AA1 /* TempInMemoryCache.swift */ = {isa = PBXFileReference; fileEncoding = 4; lastKnownFileType = sourcecode.swift; path = TempInMemoryCache.swift; sourceTree = "<group>"; };
		F02EB957233F6A8400A18AA1 /* NetworkManager.swift */ = {isa = PBXFileReference; fileEncoding = 4; lastKnownFileType = sourcecode.swift; path = NetworkManager.swift; sourceTree = "<group>"; };
		F02EB958233F6A8400A18AA1 /* Reachability.swift */ = {isa = PBXFileReference; fileEncoding = 4; lastKnownFileType = sourcecode.swift; path = Reachability.swift; sourceTree = "<group>"; };
		F02EB95D233F6A8D00A18AA1 /* CustomImageView.swift */ = {isa = PBXFileReference; fileEncoding = 4; lastKnownFileType = sourcecode.swift; path = CustomImageView.swift; sourceTree = "<group>"; };
		F02EB95F233F6B8E00A18AA1 /* AuthorPostDetailsPresenter.swift */ = {isa = PBXFileReference; fileEncoding = 4; lastKnownFileType = sourcecode.swift; name = AuthorPostDetailsPresenter.swift; path = MBlogging/Scenes/AuthorPostDetails/AuthorPostDetailsPresenter.swift; sourceTree = SOURCE_ROOT; };
		F02EB960233F6B8E00A18AA1 /* AuthorPostDetailsRouter.swift */ = {isa = PBXFileReference; fileEncoding = 4; lastKnownFileType = sourcecode.swift; name = AuthorPostDetailsRouter.swift; path = MBlogging/Scenes/AuthorPostDetails/AuthorPostDetailsRouter.swift; sourceTree = SOURCE_ROOT; };
		F02EB961233F6B8E00A18AA1 /* AuthorPostDetailsModels.swift */ = {isa = PBXFileReference; fileEncoding = 4; lastKnownFileType = sourcecode.swift; name = AuthorPostDetailsModels.swift; path = MBlogging/Scenes/AuthorPostDetails/AuthorPostDetailsModels.swift; sourceTree = SOURCE_ROOT; };
		F02EB962233F6B8E00A18AA1 /* AuthorPostDetailsWorker.swift */ = {isa = PBXFileReference; fileEncoding = 4; lastKnownFileType = sourcecode.swift; name = AuthorPostDetailsWorker.swift; path = MBlogging/Scenes/AuthorPostDetails/AuthorPostDetailsWorker.swift; sourceTree = SOURCE_ROOT; };
		F02EB963233F6B8E00A18AA1 /* AuthorPostDetailsInteractor.swift */ = {isa = PBXFileReference; fileEncoding = 4; lastKnownFileType = sourcecode.swift; name = AuthorPostDetailsInteractor.swift; path = MBlogging/Scenes/AuthorPostDetails/AuthorPostDetailsInteractor.swift; sourceTree = SOURCE_ROOT; };
		F02EB964233F6B8E00A18AA1 /* AuthorPostDetailsViewController.swift */ = {isa = PBXFileReference; fileEncoding = 4; lastKnownFileType = sourcecode.swift; name = AuthorPostDetailsViewController.swift; path = MBlogging/Scenes/AuthorPostDetails/AuthorPostDetailsViewController.swift; sourceTree = SOURCE_ROOT; };
		F02EB96C233F754300A18AA1 /* BaseTableViewController.swift */ = {isa = PBXFileReference; fileEncoding = 4; lastKnownFileType = sourcecode.swift; path = BaseTableViewController.swift; sourceTree = "<group>"; };
		F040DFCD2340AACA001963AF /* AuthorPostDetailsPresenterTests.swift */ = {isa = PBXFileReference; fileEncoding = 4; lastKnownFileType = sourcecode.swift; path = AuthorPostDetailsPresenterTests.swift; sourceTree = "<group>"; };
		F040DFD923411E5D001963AF /* CommentSectionPresenter.swift */ = {isa = PBXFileReference; lastKnownFileType = sourcecode.swift; path = CommentSectionPresenter.swift; sourceTree = "<group>"; };
		F040DFDA23411E5D001963AF /* CommentSectionWorker.swift */ = {isa = PBXFileReference; lastKnownFileType = sourcecode.swift; path = CommentSectionWorker.swift; sourceTree = "<group>"; };
		F040DFDC23411E5D001963AF /* CommentSectionModels.swift */ = {isa = PBXFileReference; lastKnownFileType = sourcecode.swift; path = CommentSectionModels.swift; sourceTree = "<group>"; };
		F040DFDD23411E5D001963AF /* CommentSectionViewController.swift */ = {isa = PBXFileReference; lastKnownFileType = sourcecode.swift; path = CommentSectionViewController.swift; sourceTree = "<group>"; };
		F040DFDE23411E5D001963AF /* CommentSectionInteractor.swift */ = {isa = PBXFileReference; lastKnownFileType = sourcecode.swift; path = CommentSectionInteractor.swift; sourceTree = "<group>"; };
		F040DFE5234120B9001963AF /* Comment.swift */ = {isa = PBXFileReference; fileEncoding = 4; lastKnownFileType = sourcecode.swift; path = Comment.swift; sourceTree = "<group>"; };
		F040DFE82341243B001963AF /* BaseWorkerClass.swift */ = {isa = PBXFileReference; fileEncoding = 4; lastKnownFileType = sourcecode.swift; path = BaseWorkerClass.swift; sourceTree = "<group>"; };
		F040DFEB234132A5001963AF /* BaseWorkerTest.swift */ = {isa = PBXFileReference; fileEncoding = 4; lastKnownFileType = sourcecode.swift; path = BaseWorkerTest.swift; sourceTree = "<group>"; };
		F040DFED23415630001963AF /* CommentCell.swift */ = {isa = PBXFileReference; fileEncoding = 4; lastKnownFileType = sourcecode.swift; path = CommentCell.swift; sourceTree = "<group>"; };
		F040DFEE23415630001963AF /* CommentCell.xib */ = {isa = PBXFileReference; fileEncoding = 4; lastKnownFileType = file.xib; path = CommentCell.xib; sourceTree = "<group>"; };
		F05874F8233D353300F0E5D1 /* MBlogging.app */ = {isa = PBXFileReference; explicitFileType = wrapper.application; includeInIndex = 0; path = MBlogging.app; sourceTree = BUILT_PRODUCTS_DIR; };
		F05874FB233D353300F0E5D1 /* AppDelegate.swift */ = {isa = PBXFileReference; lastKnownFileType = sourcecode.swift; path = AppDelegate.swift; sourceTree = "<group>"; };
		F0587500233D353300F0E5D1 /* Base */ = {isa = PBXFileReference; lastKnownFileType = file.storyboard; name = Base; path = Base.lproj/Main.storyboard; sourceTree = "<group>"; };
		F0587502233D353400F0E5D1 /* Assets.xcassets */ = {isa = PBXFileReference; lastKnownFileType = folder.assetcatalog; path = Assets.xcassets; sourceTree = "<group>"; };
		F0587505233D353400F0E5D1 /* Base */ = {isa = PBXFileReference; lastKnownFileType = file.storyboard; name = Base; path = Base.lproj/LaunchScreen.storyboard; sourceTree = "<group>"; };
		F0587507233D353400F0E5D1 /* Info.plist */ = {isa = PBXFileReference; lastKnownFileType = text.plist.xml; path = Info.plist; sourceTree = "<group>"; };
		F058752B233D75F700F0E5D1 /* MBError.swift */ = {isa = PBXFileReference; fileEncoding = 4; lastKnownFileType = sourcecode.swift; path = MBError.swift; sourceTree = "<group>"; };
		F058752C233D75F700F0E5D1 /* Constants.swift */ = {isa = PBXFileReference; fileEncoding = 4; lastKnownFileType = sourcecode.swift; path = Constants.swift; sourceTree = "<group>"; };
		F08C12B6233FFBE100FC61B0 /* AuthorPostDetailsViewControllerTests.swift */ = {isa = PBXFileReference; fileEncoding = 4; lastKnownFileType = sourcecode.swift; path = AuthorPostDetailsViewControllerTests.swift; sourceTree = "<group>"; };
		F0D57BA1234083B500C6267B /* AuthorPostInteractorTests.swift */ = {isa = PBXFileReference; fileEncoding = 4; lastKnownFileType = sourcecode.swift; path = AuthorPostInteractorTests.swift; sourceTree = "<group>"; };
		F0F6C63A233DE5200001F92E /* Author.swift */ = {isa = PBXFileReference; fileEncoding = 4; lastKnownFileType = sourcecode.swift; path = Author.swift; sourceTree = "<group>"; };
		F0F6C67D233E149F0001F92E /* MBloggingTests.xctest */ = {isa = PBXFileReference; explicitFileType = wrapper.cfbundle; includeInIndex = 0; path = MBloggingTests.xctest; sourceTree = BUILT_PRODUCTS_DIR; };
		F0F6C67F233E149F0001F92E /* MBloggingTests.swift */ = {isa = PBXFileReference; lastKnownFileType = sourcecode.swift; path = MBloggingTests.swift; sourceTree = "<group>"; };
		F0F6C681233E149F0001F92E /* Info.plist */ = {isa = PBXFileReference; lastKnownFileType = text.plist.xml; path = Info.plist; sourceTree = "<group>"; };
		F0F6C689233E16A10001F92E /* AuthorListViewControllerTests.swift */ = {isa = PBXFileReference; fileEncoding = 4; lastKnownFileType = sourcecode.swift; path = AuthorListViewControllerTests.swift; sourceTree = "<group>"; };
		F0F6C68B233E21350001F92E /* AuthorListInteractorTests.swift */ = {isa = PBXFileReference; fileEncoding = 4; lastKnownFileType = sourcecode.swift; path = AuthorListInteractorTests.swift; sourceTree = "<group>"; };
		F0F6C68D233E24CB0001F92E /* Seeds.swift */ = {isa = PBXFileReference; fileEncoding = 4; lastKnownFileType = sourcecode.swift; path = Seeds.swift; sourceTree = "<group>"; };
/* End PBXFileReference section */

/* Begin PBXFrameworksBuildPhase section */
		F05874F5233D353300F0E5D1 /* Frameworks */ = {
			isa = PBXFrameworksBuildPhase;
			buildActionMask = 2147483647;
			files = (
			);
			runOnlyForDeploymentPostprocessing = 0;
		};
		F0F6C67A233E149F0001F92E /* Frameworks */ = {
			isa = PBXFrameworksBuildPhase;
			buildActionMask = 2147483647;
			files = (
			);
			runOnlyForDeploymentPostprocessing = 0;
		};
/* End PBXFrameworksBuildPhase section */

/* Begin PBXGroup section */
		F028FA302341E1BE00818FCD /* BasePresenter */ = {
			isa = PBXGroup;
			children = (
				F028FA312341E1D700818FCD /* BasePresenterClass.swift */,
			);
			path = BasePresenter;
			sourceTree = "<group>";
		};
		F02BC1B1233FE7A600E96C33 /* Utility */ = {
			isa = PBXGroup;
			children = (
				F02BC1B4233FEA2E00E96C33 /* UtilityClassTest.swift */,
				F02BC1B2233FE7EE00E96C33 /* StringShortcutTest.swift */,
			);
			path = Utility;
			sourceTree = "<group>";
		};
		F02EB92E233F69D400A18AA1 /* Views */ = {
			isa = PBXGroup;
			children = (
				F02EB95D233F6A8D00A18AA1 /* CustomImageView.swift */,
				F02EB92F233F69D400A18AA1 /* CustomTableViewHeader */,
				F02EB932233F69D400A18AA1 /* CustomCell */,
			);
			path = Views;
			sourceTree = "<group>";
		};
		F02EB92F233F69D400A18AA1 /* CustomTableViewHeader */ = {
			isa = PBXGroup;
			children = (
				F02EB930233F69D400A18AA1 /* CustomSectionHeader.swift */,
				F02EB931233F69D400A18AA1 /* CustomSectionHeader.xib */,
			);
			path = CustomTableViewHeader;
			sourceTree = "<group>";
		};
		F02EB932233F69D400A18AA1 /* CustomCell */ = {
			isa = PBXGroup;
			children = (
				F040DFED23415630001963AF /* CommentCell.swift */,
				F040DFEE23415630001963AF /* CommentCell.xib */,
				F02BC1A9233FAFBA00E96C33 /* PostDetailsCell.swift */,
				F02BC1AA233FAFBA00E96C33 /* PostDetailsCell.xib */,
				F02EB933233F69D400A18AA1 /* AuthorListCell.swift */,
				F02EB934233F69D400A18AA1 /* AuthorListCell.xib */,
			);
			path = CustomCell;
			sourceTree = "<group>";
		};
		F02EB939233F69DF00A18AA1 /* Scenes */ = {
			isa = PBXGroup;
			children = (
				F028FA302341E1BE00818FCD /* BasePresenter */,
				F040DFE723412405001963AF /* BaseWorker */,
				F040DFD823411D5C001963AF /* CommentSection */,
				F02EB93A233F69DF00A18AA1 /* AuthorList */,
				F02EB941233F69DF00A18AA1 /* AuthorDetails */,
			);
			path = Scenes;
			sourceTree = "<group>";
		};
		F02EB93A233F69DF00A18AA1 /* AuthorList */ = {
			isa = PBXGroup;
			children = (
				F02EB93B233F69DF00A18AA1 /* AuthorListRouter.swift */,
				F02EB93C233F69DF00A18AA1 /* AuthorListWorker.swift */,
				F02EB93D233F69DF00A18AA1 /* AuthorListModels.swift */,
				F02EB93E233F69DF00A18AA1 /* AuthorListViewController.swift */,
				F02EB93F233F69DF00A18AA1 /* AuthorListPresenter.swift */,
				F02EB940233F69DF00A18AA1 /* AuthorListInteractor.swift */,
			);
			path = AuthorList;
			sourceTree = "<group>";
		};
		F02EB941233F69DF00A18AA1 /* AuthorDetails */ = {
			isa = PBXGroup;
			children = (
				F02EB963233F6B8E00A18AA1 /* AuthorPostDetailsInteractor.swift */,
				F02EB961233F6B8E00A18AA1 /* AuthorPostDetailsModels.swift */,
				F02EB95F233F6B8E00A18AA1 /* AuthorPostDetailsPresenter.swift */,
				F02EB960233F6B8E00A18AA1 /* AuthorPostDetailsRouter.swift */,
				F02EB964233F6B8E00A18AA1 /* AuthorPostDetailsViewController.swift */,
				F02EB962233F6B8E00A18AA1 /* AuthorPostDetailsWorker.swift */,
			);
			path = AuthorDetails;
			sourceTree = "<group>";
		};
		F02EB956233F6A8400A18AA1 /* NetworkManager */ = {
			isa = PBXGroup;
			children = (
				F02EB957233F6A8400A18AA1 /* NetworkManager.swift */,
				F02EB958233F6A8400A18AA1 /* Reachability.swift */,
			);
			path = NetworkManager;
			sourceTree = "<group>";
		};
		F02EB96B233F74F400A18AA1 /* CustomController */ = {
			isa = PBXGroup;
			children = (
				F02EB96C233F754300A18AA1 /* BaseTableViewController.swift */,
			);
			path = CustomController;
			sourceTree = "<group>";
		};
		F040DFD823411D5C001963AF /* CommentSection */ = {
			isa = PBXGroup;
			children = (
				F040DFD923411E5D001963AF /* CommentSectionPresenter.swift */,
				F040DFDA23411E5D001963AF /* CommentSectionWorker.swift */,
				F040DFDC23411E5D001963AF /* CommentSectionModels.swift */,
				F040DFDD23411E5D001963AF /* CommentSectionViewController.swift */,
				F040DFDE23411E5D001963AF /* CommentSectionInteractor.swift */,
				F028FA332341E27200818FCD /* CommentSectionRouter.swift */,
			);
			path = CommentSection;
			sourceTree = "<group>";
		};
		F040DFE723412405001963AF /* BaseWorker */ = {
			isa = PBXGroup;
			children = (
				F040DFE82341243B001963AF /* BaseWorkerClass.swift */,
			);
			path = BaseWorker;
			sourceTree = "<group>";
		};
		F040DFEA2341326B001963AF /* BaseWorker */ = {
			isa = PBXGroup;
			children = (
				F040DFEB234132A5001963AF /* BaseWorkerTest.swift */,
			);
			path = BaseWorker;
			sourceTree = "<group>";
		};
		F05874EF233D353300F0E5D1 = {
			isa = PBXGroup;
			children = (
				F05874FA233D353300F0E5D1 /* MBlogging */,
				F0F6C67E233E149F0001F92E /* MBloggingTests */,
				F05874F9233D353300F0E5D1 /* Products */,
			);
			sourceTree = "<group>";
		};
		F05874F9233D353300F0E5D1 /* Products */ = {
			isa = PBXGroup;
			children = (
				F05874F8233D353300F0E5D1 /* MBlogging.app */,
				F0F6C67D233E149F0001F92E /* MBloggingTests.xctest */,
			);
			name = Products;
			sourceTree = "<group>";
		};
		F05874FA233D353300F0E5D1 /* MBlogging */ = {
			isa = PBXGroup;
			children = (
				F02EB96B233F74F400A18AA1 /* CustomController */,
				F02EB939233F69DF00A18AA1 /* Scenes */,
				F02EB92E233F69D400A18AA1 /* Views */,
				F0F6C637233DE4C80001F92E /* Models */,
				F058752A233D75D700F0E5D1 /* Utility */,
				F05874FB233D353300F0E5D1 /* AppDelegate.swift */,
				F05874FF233D353300F0E5D1 /* Main.storyboard */,
				F0587502233D353400F0E5D1 /* Assets.xcassets */,
				F0587504233D353400F0E5D1 /* LaunchScreen.storyboard */,
				F0587507233D353400F0E5D1 /* Info.plist */,
			);
			path = MBlogging;
			sourceTree = "<group>";
		};
		F058752A233D75D700F0E5D1 /* Utility */ = {
			isa = PBXGroup;
			children = (
				F02BC1AF233FC84A00E96C33 /* String+Shortcut.swift */,
				F02BC1AD233FC30500E96C33 /* UtilityClass.swift */,
				F02EB956233F6A8400A18AA1 /* NetworkManager */,
				F02EB954233F6A8400A18AA1 /* ImageDownloader.swift */,
				F02EB955233F6A8400A18AA1 /* TempInMemoryCache.swift */,
				F058752C233D75F700F0E5D1 /* Constants.swift */,
				F058752B233D75F700F0E5D1 /* MBError.swift */,
			);
			path = Utility;
			sourceTree = "<group>";
		};
		F08C12B5233FFBE100FC61B0 /* PostDetails */ = {
			isa = PBXGroup;
			children = (
				F040DFCD2340AACA001963AF /* AuthorPostDetailsPresenterTests.swift */,
				F0D57BA1234083B500C6267B /* AuthorPostInteractorTests.swift */,
				F08C12B6233FFBE100FC61B0 /* AuthorPostDetailsViewControllerTests.swift */,
			);
			path = PostDetails;
			sourceTree = "<group>";
		};
		F0F6C637233DE4C80001F92E /* Models */ = {
			isa = PBXGroup;
			children = (
				F040DFE5234120B9001963AF /* Comment.swift */,
				F02BC1A7233FA91C00E96C33 /* Post.swift */,
				F0F6C63A233DE5200001F92E /* Author.swift */,
			);
			path = Models;
			sourceTree = "<group>";
		};
		F0F6C67E233E149F0001F92E /* MBloggingTests */ = {
			isa = PBXGroup;
			children = (
				F02BC1B1233FE7A600E96C33 /* Utility */,
				F0F6C68D233E24CB0001F92E /* Seeds.swift */,
				F0F6C687233E16A10001F92E /* Scenes */,
				F0F6C67F233E149F0001F92E /* MBloggingTests.swift */,
				F0F6C681233E149F0001F92E /* Info.plist */,
			);
			path = MBloggingTests;
			sourceTree = "<group>";
		};
		F0F6C687233E16A10001F92E /* Scenes */ = {
			isa = PBXGroup;
			children = (
				F040DFEA2341326B001963AF /* BaseWorker */,
				F0F6C688233E16A10001F92E /* AuthorList */,
				F08C12B5233FFBE100FC61B0 /* PostDetails */,
			);
			path = Scenes;
			sourceTree = "<group>";
		};
		F0F6C688233E16A10001F92E /* AuthorList */ = {
			isa = PBXGroup;
			children = (
				F01300D1233E9DA000F18731 /* AuthorPresenterTests.swift */,
				F0F6C68B233E21350001F92E /* AuthorListInteractorTests.swift */,
				F0F6C689233E16A10001F92E /* AuthorListViewControllerTests.swift */,
			);
			path = AuthorList;
			sourceTree = "<group>";
		};
/* End PBXGroup section */

/* Begin PBXNativeTarget section */
		F05874F7233D353300F0E5D1 /* MBlogging */ = {
			isa = PBXNativeTarget;
			buildConfigurationList = F058750A233D353400F0E5D1 /* Build configuration list for PBXNativeTarget "MBlogging" */;
			buildPhases = (
				F05874F4233D353300F0E5D1 /* Sources */,
				F05874F5233D353300F0E5D1 /* Frameworks */,
				F05874F6233D353300F0E5D1 /* Resources */,
			);
			buildRules = (
			);
			dependencies = (
			);
			name = MBlogging;
			productName = MBlogging;
			productReference = F05874F8233D353300F0E5D1 /* MBlogging.app */;
			productType = "com.apple.product-type.application";
		};
		F0F6C67C233E149F0001F92E /* MBloggingTests */ = {
			isa = PBXNativeTarget;
			buildConfigurationList = F0F6C684233E149F0001F92E /* Build configuration list for PBXNativeTarget "MBloggingTests" */;
			buildPhases = (
				F0F6C679233E149F0001F92E /* Sources */,
				F0F6C67A233E149F0001F92E /* Frameworks */,
				F0F6C67B233E149F0001F92E /* Resources */,
			);
			buildRules = (
			);
			dependencies = (
				F0F6C683233E149F0001F92E /* PBXTargetDependency */,
			);
			name = MBloggingTests;
			productName = MBloggingTests;
			productReference = F0F6C67D233E149F0001F92E /* MBloggingTests.xctest */;
			productType = "com.apple.product-type.bundle.unit-test";
		};
/* End PBXNativeTarget section */

/* Begin PBXProject section */
		F05874F0233D353300F0E5D1 /* Project object */ = {
			isa = PBXProject;
			attributes = {
				LastSwiftUpdateCheck = 1030;
				LastUpgradeCheck = 1030;
				ORGANIZATIONNAME = "Sujata Chakraborty";
				TargetAttributes = {
					F05874F7233D353300F0E5D1 = {
						CreatedOnToolsVersion = 10.3;
					};
					F0F6C67C233E149F0001F92E = {
						CreatedOnToolsVersion = 10.3;
						TestTargetID = F05874F7233D353300F0E5D1;
					};
				};
			};
			buildConfigurationList = F05874F3233D353300F0E5D1 /* Build configuration list for PBXProject "MBlogging" */;
			compatibilityVersion = "Xcode 9.3";
			developmentRegion = en;
			hasScannedForEncodings = 0;
			knownRegions = (
				en,
				Base,
			);
			mainGroup = F05874EF233D353300F0E5D1;
			productRefGroup = F05874F9233D353300F0E5D1 /* Products */;
			projectDirPath = "";
			projectRoot = "";
			targets = (
				F05874F7233D353300F0E5D1 /* MBlogging */,
				F0F6C67C233E149F0001F92E /* MBloggingTests */,
			);
		};
/* End PBXProject section */

/* Begin PBXResourcesBuildPhase section */
		F05874F6233D353300F0E5D1 /* Resources */ = {
			isa = PBXResourcesBuildPhase;
			buildActionMask = 2147483647;
			files = (
				F0587506233D353400F0E5D1 /* LaunchScreen.storyboard in Resources */,
				F02EB938233F69D400A18AA1 /* AuthorListCell.xib in Resources */,
				F02EB936233F69D400A18AA1 /* CustomSectionHeader.xib in Resources */,
				F0587503233D353400F0E5D1 /* Assets.xcassets in Resources */,
				F02BC1AC233FAFBA00E96C33 /* PostDetailsCell.xib in Resources */,
				F0587501233D353300F0E5D1 /* Main.storyboard in Resources */,
				F040DFF023415631001963AF /* CommentCell.xib in Resources */,
			);
			runOnlyForDeploymentPostprocessing = 0;
		};
		F0F6C67B233E149F0001F92E /* Resources */ = {
			isa = PBXResourcesBuildPhase;
			buildActionMask = 2147483647;
			files = (
			);
			runOnlyForDeploymentPostprocessing = 0;
		};
/* End PBXResourcesBuildPhase section */

/* Begin PBXSourcesBuildPhase section */
		F05874F4233D353300F0E5D1 /* Sources */ = {
			isa = PBXSourcesBuildPhase;
			buildActionMask = 2147483647;
			files = (
				F058752D233D75F700F0E5D1 /* MBError.swift in Sources */,
				F040DFE323411E5D001963AF /* CommentSectionViewController.swift in Sources */,
				F040DFE223411E5D001963AF /* CommentSectionModels.swift in Sources */,
				F02EB96A233F6B8F00A18AA1 /* AuthorPostDetailsViewController.swift in Sources */,
				F02EB948233F69DF00A18AA1 /* AuthorListRouter.swift in Sources */,
				F02EB95E233F6A8D00A18AA1 /* CustomImageView.swift in Sources */,
				F02BC1AB233FAFBA00E96C33 /* PostDetailsCell.swift in Sources */,
				F02EB949233F69DF00A18AA1 /* AuthorListWorker.swift in Sources */,
				F040DFEF23415631001963AF /* CommentCell.swift in Sources */,
				F02EB95B233F6A8400A18AA1 /* NetworkManager.swift in Sources */,
				F02EB94B233F69DF00A18AA1 /* AuthorListViewController.swift in Sources */,
				F040DFE6234120B9001963AF /* Comment.swift in Sources */,
				F0F6C63B233DE5200001F92E /* Author.swift in Sources */,
				F040DFE023411E5D001963AF /* CommentSectionWorker.swift in Sources */,
				F02EB967233F6B8F00A18AA1 /* AuthorPostDetailsModels.swift in Sources */,
				F02BC1A8233FA91C00E96C33 /* Post.swift in Sources */,
				F02EB937233F69D400A18AA1 /* AuthorListCell.swift in Sources */,
				F02EB965233F6B8F00A18AA1 /* AuthorPostDetailsPresenter.swift in Sources */,
				F02BC1AE233FC30500E96C33 /* UtilityClass.swift in Sources */,
				F040DFE423411E5D001963AF /* CommentSectionInteractor.swift in Sources */,
				F02BC1B0233FC84A00E96C33 /* String+Shortcut.swift in Sources */,
				F02EB969233F6B8F00A18AA1 /* AuthorPostDetailsInteractor.swift in Sources */,
				F028FA342341E27200818FCD /* CommentSectionRouter.swift in Sources */,
				F02EB935233F69D400A18AA1 /* CustomSectionHeader.swift in Sources */,
				F02EB95A233F6A8400A18AA1 /* TempInMemoryCache.swift in Sources */,
				F02EB959233F6A8400A18AA1 /* ImageDownloader.swift in Sources */,
				F02EB966233F6B8F00A18AA1 /* AuthorPostDetailsRouter.swift in Sources */,
				F05874FC233D353300F0E5D1 /* AppDelegate.swift in Sources */,
				F040DFE92341243B001963AF /* BaseWorkerClass.swift in Sources */,
				F02EB94A233F69DF00A18AA1 /* AuthorListModels.swift in Sources */,
				F040DFDF23411E5D001963AF /* CommentSectionPresenter.swift in Sources */,
				F02EB96D233F754300A18AA1 /* BaseTableViewController.swift in Sources */,
				F02EB95C233F6A8400A18AA1 /* Reachability.swift in Sources */,
				F028FA322341E1D700818FCD /* BasePresenterClass.swift in Sources */,
				F058752E233D75F700F0E5D1 /* Constants.swift in Sources */,
				F02EB94C233F69DF00A18AA1 /* AuthorListPresenter.swift in Sources */,
				F02EB94D233F69DF00A18AA1 /* AuthorListInteractor.swift in Sources */,
				F02EB968233F6B8F00A18AA1 /* AuthorPostDetailsWorker.swift in Sources */,
			);
			runOnlyForDeploymentPostprocessing = 0;
		};
		F0F6C679233E149F0001F92E /* Sources */ = {
			isa = PBXSourcesBuildPhase;
			buildActionMask = 2147483647;
			files = (
				F040DFEC234132A5001963AF /* BaseWorkerTest.swift in Sources */,
				F0F6C680233E149F0001F92E /* MBloggingTests.swift in Sources */,
				F0F6C68C233E21350001F92E /* AuthorListInteractorTests.swift in Sources */,
				F0D57BA2234083B500C6267B /* AuthorPostInteractorTests.swift in Sources */,
				F02BC1B3233FE7EE00E96C33 /* StringShortcutTest.swift in Sources */,
				F02BC1B5233FEA2E00E96C33 /* UtilityClassTest.swift in Sources */,
				F0F6C68E233E24CB0001F92E /* Seeds.swift in Sources */,
				F01300D2233E9DA000F18731 /* AuthorPresenterTests.swift in Sources */,
				F040DFCE2340AACA001963AF /* AuthorPostDetailsPresenterTests.swift in Sources */,
				F0F6C68A233E16A10001F92E /* AuthorListViewControllerTests.swift in Sources */,
				F08C12B7233FFBE100FC61B0 /* AuthorPostDetailsViewControllerTests.swift in Sources */,
			);
			runOnlyForDeploymentPostprocessing = 0;
		};
/* End PBXSourcesBuildPhase section */

/* Begin PBXTargetDependency section */
		F0F6C683233E149F0001F92E /* PBXTargetDependency */ = {
			isa = PBXTargetDependency;
			target = F05874F7233D353300F0E5D1 /* MBlogging */;
			targetProxy = F0F6C682233E149F0001F92E /* PBXContainerItemProxy */;
		};
/* End PBXTargetDependency section */

/* Begin PBXVariantGroup section */
		F05874FF233D353300F0E5D1 /* Main.storyboard */ = {
			isa = PBXVariantGroup;
			children = (
				F0587500233D353300F0E5D1 /* Base */,
			);
			name = Main.storyboard;
			sourceTree = "<group>";
		};
		F0587504233D353400F0E5D1 /* LaunchScreen.storyboard */ = {
			isa = PBXVariantGroup;
			children = (
				F0587505233D353400F0E5D1 /* Base */,
			);
			name = LaunchScreen.storyboard;
			sourceTree = "<group>";
		};
/* End PBXVariantGroup section */

/* Begin XCBuildConfiguration section */
		F0587508233D353400F0E5D1 /* Debug */ = {
			isa = XCBuildConfiguration;
			buildSettings = {
				ALWAYS_SEARCH_USER_PATHS = NO;
				CLANG_ANALYZER_NONNULL = YES;
				CLANG_ANALYZER_NUMBER_OBJECT_CONVERSION = YES_AGGRESSIVE;
				CLANG_CXX_LANGUAGE_STANDARD = "gnu++14";
				CLANG_CXX_LIBRARY = "libc++";
				CLANG_ENABLE_MODULES = YES;
				CLANG_ENABLE_OBJC_ARC = YES;
				CLANG_ENABLE_OBJC_WEAK = YES;
				CLANG_WARN_BLOCK_CAPTURE_AUTORELEASING = YES;
				CLANG_WARN_BOOL_CONVERSION = YES;
				CLANG_WARN_COMMA = YES;
				CLANG_WARN_CONSTANT_CONVERSION = YES;
				CLANG_WARN_DEPRECATED_OBJC_IMPLEMENTATIONS = YES;
				CLANG_WARN_DIRECT_OBJC_ISA_USAGE = YES_ERROR;
				CLANG_WARN_DOCUMENTATION_COMMENTS = YES;
				CLANG_WARN_EMPTY_BODY = YES;
				CLANG_WARN_ENUM_CONVERSION = YES;
				CLANG_WARN_INFINITE_RECURSION = YES;
				CLANG_WARN_INT_CONVERSION = YES;
				CLANG_WARN_NON_LITERAL_NULL_CONVERSION = YES;
				CLANG_WARN_OBJC_IMPLICIT_RETAIN_SELF = YES;
				CLANG_WARN_OBJC_LITERAL_CONVERSION = YES;
				CLANG_WARN_OBJC_ROOT_CLASS = YES_ERROR;
				CLANG_WARN_RANGE_LOOP_ANALYSIS = YES;
				CLANG_WARN_STRICT_PROTOTYPES = YES;
				CLANG_WARN_SUSPICIOUS_MOVE = YES;
				CLANG_WARN_UNGUARDED_AVAILABILITY = YES_AGGRESSIVE;
				CLANG_WARN_UNREACHABLE_CODE = YES;
				CLANG_WARN__DUPLICATE_METHOD_MATCH = YES;
				CODE_SIGN_IDENTITY = "iPhone Developer";
				COPY_PHASE_STRIP = NO;
				DEBUG_INFORMATION_FORMAT = dwarf;
				ENABLE_STRICT_OBJC_MSGSEND = YES;
				ENABLE_TESTABILITY = YES;
				GCC_C_LANGUAGE_STANDARD = gnu11;
				GCC_DYNAMIC_NO_PIC = NO;
				GCC_NO_COMMON_BLOCKS = YES;
				GCC_OPTIMIZATION_LEVEL = 0;
				GCC_PREPROCESSOR_DEFINITIONS = (
					"DEBUG=1",
					"$(inherited)",
				);
				GCC_WARN_64_TO_32_BIT_CONVERSION = YES;
				GCC_WARN_ABOUT_RETURN_TYPE = YES_ERROR;
				GCC_WARN_UNDECLARED_SELECTOR = YES;
				GCC_WARN_UNINITIALIZED_AUTOS = YES_AGGRESSIVE;
				GCC_WARN_UNUSED_FUNCTION = YES;
				GCC_WARN_UNUSED_VARIABLE = YES;
				IPHONEOS_DEPLOYMENT_TARGET = 12.4;
				MTL_ENABLE_DEBUG_INFO = INCLUDE_SOURCE;
				MTL_FAST_MATH = YES;
				ONLY_ACTIVE_ARCH = YES;
				SDKROOT = iphoneos;
				SWIFT_ACTIVE_COMPILATION_CONDITIONS = DEBUG;
				SWIFT_OPTIMIZATION_LEVEL = "-Onone";
			};
			name = Debug;
		};
		F0587509233D353400F0E5D1 /* Release */ = {
			isa = XCBuildConfiguration;
			buildSettings = {
				ALWAYS_SEARCH_USER_PATHS = NO;
				CLANG_ANALYZER_NONNULL = YES;
				CLANG_ANALYZER_NUMBER_OBJECT_CONVERSION = YES_AGGRESSIVE;
				CLANG_CXX_LANGUAGE_STANDARD = "gnu++14";
				CLANG_CXX_LIBRARY = "libc++";
				CLANG_ENABLE_MODULES = YES;
				CLANG_ENABLE_OBJC_ARC = YES;
				CLANG_ENABLE_OBJC_WEAK = YES;
				CLANG_WARN_BLOCK_CAPTURE_AUTORELEASING = YES;
				CLANG_WARN_BOOL_CONVERSION = YES;
				CLANG_WARN_COMMA = YES;
				CLANG_WARN_CONSTANT_CONVERSION = YES;
				CLANG_WARN_DEPRECATED_OBJC_IMPLEMENTATIONS = YES;
				CLANG_WARN_DIRECT_OBJC_ISA_USAGE = YES_ERROR;
				CLANG_WARN_DOCUMENTATION_COMMENTS = YES;
				CLANG_WARN_EMPTY_BODY = YES;
				CLANG_WARN_ENUM_CONVERSION = YES;
				CLANG_WARN_INFINITE_RECURSION = YES;
				CLANG_WARN_INT_CONVERSION = YES;
				CLANG_WARN_NON_LITERAL_NULL_CONVERSION = YES;
				CLANG_WARN_OBJC_IMPLICIT_RETAIN_SELF = YES;
				CLANG_WARN_OBJC_LITERAL_CONVERSION = YES;
				CLANG_WARN_OBJC_ROOT_CLASS = YES_ERROR;
				CLANG_WARN_RANGE_LOOP_ANALYSIS = YES;
				CLANG_WARN_STRICT_PROTOTYPES = YES;
				CLANG_WARN_SUSPICIOUS_MOVE = YES;
				CLANG_WARN_UNGUARDED_AVAILABILITY = YES_AGGRESSIVE;
				CLANG_WARN_UNREACHABLE_CODE = YES;
				CLANG_WARN__DUPLICATE_METHOD_MATCH = YES;
				CODE_SIGN_IDENTITY = "iPhone Developer";
				COPY_PHASE_STRIP = NO;
				DEBUG_INFORMATION_FORMAT = "dwarf-with-dsym";
				ENABLE_NS_ASSERTIONS = NO;
				ENABLE_STRICT_OBJC_MSGSEND = YES;
				GCC_C_LANGUAGE_STANDARD = gnu11;
				GCC_NO_COMMON_BLOCKS = YES;
				GCC_WARN_64_TO_32_BIT_CONVERSION = YES;
				GCC_WARN_ABOUT_RETURN_TYPE = YES_ERROR;
				GCC_WARN_UNDECLARED_SELECTOR = YES;
				GCC_WARN_UNINITIALIZED_AUTOS = YES_AGGRESSIVE;
				GCC_WARN_UNUSED_FUNCTION = YES;
				GCC_WARN_UNUSED_VARIABLE = YES;
				IPHONEOS_DEPLOYMENT_TARGET = 12.4;
				MTL_ENABLE_DEBUG_INFO = NO;
				MTL_FAST_MATH = YES;
				SDKROOT = iphoneos;
				SWIFT_COMPILATION_MODE = wholemodule;
				SWIFT_OPTIMIZATION_LEVEL = "-O";
				VALIDATE_PRODUCT = YES;
			};
			name = Release;
		};
		F058750B233D353400F0E5D1 /* Debug */ = {
			isa = XCBuildConfiguration;
			buildSettings = {
				ASSETCATALOG_COMPILER_APPICON_NAME = AppIcon;
				CODE_SIGN_STYLE = Automatic;
				INFOPLIST_FILE = MBlogging/Info.plist;
				IPHONEOS_DEPLOYMENT_TARGET = 12.0;
				LD_RUNPATH_SEARCH_PATHS = (
					"$(inherited)",
					"@executable_path/Frameworks",
				);
				PRODUCT_BUNDLE_IDENTIFIER = com.sample.mBlog.MBlogging;
				PRODUCT_NAME = "$(TARGET_NAME)";
				SWIFT_VERSION = 5.0;
				TARGETED_DEVICE_FAMILY = "1,2";
			};
			name = Debug;
		};
		F058750C233D353400F0E5D1 /* Release */ = {
			isa = XCBuildConfiguration;
			buildSettings = {
				ASSETCATALOG_COMPILER_APPICON_NAME = AppIcon;
				CODE_SIGN_STYLE = Automatic;
				INFOPLIST_FILE = MBlogging/Info.plist;
				IPHONEOS_DEPLOYMENT_TARGET = 12.0;
				LD_RUNPATH_SEARCH_PATHS = (
					"$(inherited)",
					"@executable_path/Frameworks",
				);
				PRODUCT_BUNDLE_IDENTIFIER = com.sample.mBlog.MBlogging;
				PRODUCT_NAME = "$(TARGET_NAME)";
				SWIFT_VERSION = 5.0;
				TARGETED_DEVICE_FAMILY = "1,2";
			};
			name = Release;
		};
		F0F6C685233E149F0001F92E /* Debug */ = {
			isa = XCBuildConfiguration;
			buildSettings = {
				BUNDLE_LOADER = "$(TEST_HOST)";
				CODE_SIGN_STYLE = Automatic;
				INFOPLIST_FILE = MBloggingTests/Info.plist;
				LD_RUNPATH_SEARCH_PATHS = (
					"$(inherited)",
					"@executable_path/Frameworks",
					"@loader_path/Frameworks",
				);
				PRODUCT_BUNDLE_IDENTIFIER = com.sample.mBlog.MBloggingTests;
				PRODUCT_NAME = "$(TARGET_NAME)";
				SWIFT_VERSION = 5.0;
				TARGETED_DEVICE_FAMILY = "1,2";
				TEST_HOST = "$(BUILT_PRODUCTS_DIR)/MBlogging.app/MBlogging";
			};
			name = Debug;
		};
		F0F6C686233E149F0001F92E /* Release */ = {
			isa = XCBuildConfiguration;
			buildSettings = {
				BUNDLE_LOADER = "$(TEST_HOST)";
				CODE_SIGN_STYLE = Automatic;
				INFOPLIST_FILE = MBloggingTests/Info.plist;
				LD_RUNPATH_SEARCH_PATHS = (
					"$(inherited)",
					"@executable_path/Frameworks",
					"@loader_path/Frameworks",
				);
				PRODUCT_BUNDLE_IDENTIFIER = com.sample.mBlog.MBloggingTests;
				PRODUCT_NAME = "$(TARGET_NAME)";
				SWIFT_VERSION = 5.0;
				TARGETED_DEVICE_FAMILY = "1,2";
				TEST_HOST = "$(BUILT_PRODUCTS_DIR)/MBlogging.app/MBlogging";
			};
			name = Release;
		};
/* End XCBuildConfiguration section */

/* Begin XCConfigurationList section */
		F05874F3233D353300F0E5D1 /* Build configuration list for PBXProject "MBlogging" */ = {
			isa = XCConfigurationList;
			buildConfigurations = (
				F0587508233D353400F0E5D1 /* Debug */,
				F0587509233D353400F0E5D1 /* Release */,
			);
			defaultConfigurationIsVisible = 0;
			defaultConfigurationName = Release;
		};
		F058750A233D353400F0E5D1 /* Build configuration list for PBXNativeTarget "MBlogging" */ = {
			isa = XCConfigurationList;
			buildConfigurations = (
				F058750B233D353400F0E5D1 /* Debug */,
				F058750C233D353400F0E5D1 /* Release */,
			);
			defaultConfigurationIsVisible = 0;
			defaultConfigurationName = Release;
		};
		F0F6C684233E149F0001F92E /* Build configuration list for PBXNativeTarget "MBloggingTests" */ = {
			isa = XCConfigurationList;
			buildConfigurations = (
				F0F6C685233E149F0001F92E /* Debug */,
				F0F6C686233E149F0001F92E /* Release */,
			);
			defaultConfigurationIsVisible = 0;
			defaultConfigurationName = Release;
		};
/* End XCConfigurationList section */
	};
	rootObject = F05874F0233D353300F0E5D1 /* Project object */;
}
